[root]
name = "magog"
version = "0.0.1"
dependencies = [
 "calx_backend 0.0.1 (git+https://github.com/rsaarelm/calx)",
 "calx_util 0.0.1 (git+https://github.com/rsaarelm/calx)",
 "image 0.2.0-alpha.4 (git+https://github.com/PistonDevelopers/image)",
 "rustc-serialize 0.2.7 (registry+https://github.com/rust-lang/crates.io-index)",
 "time 0.1.12 (registry+https://github.com/rust-lang/crates.io-index)",
 "uuid 0.1.7 (registry+https://github.com/rust-lang/crates.io-index)",
 "world 0.0.1",
]

[[package]]
name = "android_glue"
version = "0.0.1"
source = "git+https://github.com/tomaka/android-rs-glue#a12bacab70a5992af4c617b2f7384a9144a887a8"
dependencies = [
 "compile_msg 0.1.3 (git+https://github.com/huonw/compile_msg)",
]

[[package]]
name = "calx_backend"
version = "0.0.1"
source = "git+https://github.com/rsaarelm/calx#8e348a045ba6ec59947ec611ac8394493c0e288b"
dependencies = [
 "calx_util 0.0.1 (git+https://github.com/rsaarelm/calx)",
 "gl 0.0.5 (git+https://github.com/bjz/gl-rs)",
 "glium 0.0.2 (git+https://github.com/tomaka/glium)",
 "glium_macros 0.0.1 (git+https://github.com/tomaka/glium)",
 "glutin 0.0.4-pre (git+https://github.com/tomaka/glutin)",
]

[[package]]
name = "calx_util"
version = "0.0.1"
source = "git+https://github.com/rsaarelm/calx#8e348a045ba6ec59947ec611ac8394493c0e288b"
dependencies = [
 "image 0.2.0-alpha.4 (git+https://github.com/PistonDevelopers/image)",
 "rustc-serialize 0.2.7 (registry+https://github.com/rust-lang/crates.io-index)",
 "time 0.1.12 (registry+https://github.com/rust-lang/crates.io-index)",
]

[[package]]
name = "cgmath"
version = "0.0.1"
source = "git+https://github.com/bjz/cgmath-rs#9bb77e6a45a545fe016a2e2f60ccf156e8006a5c"
dependencies = [
 "rustc-serialize 0.2.7 (registry+https://github.com/rust-lang/crates.io-index)",
]

[[package]]
name = "cocoa"
version = "0.1.1"
source = "git+https://github.com/servo/rust-cocoa#bf53a53ce306279fc1cae0d56fdd5e7216696420"

[[package]]
name = "collect"
version = "0.0.14"
source = "registry+https://github.com/rust-lang/crates.io-index"
dependencies = [
 "traverse 0.0.6 (registry+https://github.com/rust-lang/crates.io-index)",
]

[[package]]
name = "compile_msg"
version = "0.1.3"
source = "git+https://github.com/huonw/compile_msg#b19da50cacf5b11bbc065da6b449f6b4fe7c019a"

[[package]]
name = "core_foundation"
version = "0.1.0"
source = "git+https://github.com/servo/rust-core-foundation#e84d8fae23aa6f2a7790c6448c8ed6748d85244a"

[[package]]
name = "core_graphics"
version = "0.1.0"
source = "git+https://github.com/servo/rust-core-graphics#9434e2bda65d259f825104170b5fa6cc6dbaf5a9"
dependencies = [
 "core_foundation 0.1.0 (git+https://github.com/servo/rust-core-foundation)",
]

[[package]]
name = "gcc"
version = "0.1.4"
source = "registry+https://github.com/rust-lang/crates.io-index"

[[package]]
name = "gl"
version = "0.0.5"
source = "git+https://github.com/bjz/gl-rs#b0e94e8aa44b9b5176a91b1e98680db69f4be93c"
dependencies = [
 "gl_common 0.0.3 (git+https://github.com/bjz/gl-rs)",
 "gl_generator 0.0.12 (git+https://github.com/bjz/gl-rs)",
]

[[package]]
name = "gl_common"
version = "0.0.3"
source = "git+https://github.com/bjz/gl-rs#b0e94e8aa44b9b5176a91b1e98680db69f4be93c"

[[package]]
name = "gl_common"
version = "0.0.3"
source = "registry+https://github.com/rust-lang/crates.io-index"

[[package]]
name = "gl_generator"
version = "0.0.12"
source = "git+https://github.com/bjz/gl-rs#b0e94e8aa44b9b5176a91b1e98680db69f4be93c"
dependencies = [
 "gl_common 0.0.3 (git+https://github.com/bjz/gl-rs)",
 "khronos_api 0.0.4 (git+https://github.com/bjz/gl-rs)",
 "log 0.1.9 (registry+https://github.com/rust-lang/crates.io-index)",
 "xml-rs 0.1.12 (registry+https://github.com/rust-lang/crates.io-index)",
]

[[package]]
name = "gl_generator"
version = "0.0.12"
source = "registry+https://github.com/rust-lang/crates.io-index"
dependencies = [
 "gl_common 0.0.3 (registry+https://github.com/rust-lang/crates.io-index)",
 "khronos_api 0.0.4 (registry+https://github.com/rust-lang/crates.io-index)",
 "log 0.1.9 (registry+https://github.com/rust-lang/crates.io-index)",
 "xml-rs 0.1.12 (registry+https://github.com/rust-lang/crates.io-index)",
]

[[package]]
name = "glium"
version = "0.0.2"
source = "git+https://github.com/tomaka/glium#65f5db4e67c93a7106d7f35e2487778083924bbc"
dependencies = [
 "cgmath 0.0.1 (git+https://github.com/bjz/cgmath-rs)",
 "compile_msg 0.1.3 (git+https://github.com/huonw/compile_msg)",
 "gl_common 0.0.3 (registry+https://github.com/rust-lang/crates.io-index)",
 "gl_generator 0.0.12 (registry+https://github.com/rust-lang/crates.io-index)",
 "glutin 0.0.4-pre (git+https://github.com/tomaka/glutin)",
 "image 0.2.0-alpha.4 (git+https://github.com/PistonDevelopers/image)",
 "nalgebra 0.1.0 (git+https://github.com/sebcrozet/nalgebra)",
]

[[package]]
name = "glium_macros"
version = "0.0.1"
source = "git+https://github.com/tomaka/glium#65f5db4e67c93a7106d7f35e2487778083924bbc"

[[package]]
name = "glutin"
version = "0.0.4-pre"
source = "git+https://github.com/tomaka/glutin#5a20f0af6b8b23fbbf2ac0216b8fb2eda6c6ac48"
dependencies = [
 "android_glue 0.0.1 (git+https://github.com/tomaka/android-rs-glue)",
 "cocoa 0.1.1 (git+https://github.com/servo/rust-cocoa)",
 "core_graphics 0.1.0 (git+https://github.com/servo/rust-core-graphics)",
 "gl_common 0.0.3 (registry+https://github.com/rust-lang/crates.io-index)",
 "gl_generator 0.0.12 (registry+https://github.com/rust-lang/crates.io-index)",
 "winapi 0.0.5 (registry+https://github.com/rust-lang/crates.io-index)",
]

[[package]]
name = "image"
version = "0.2.0-alpha.4"
source = "git+https://github.com/PistonDevelopers/image#7a326f24339b3a3737b66a29167beff8ca5c95a4"
dependencies = [
 "num 0.1.8 (git+https://github.com/rust-lang/num)",
]

[[package]]
name = "khronos_api"
version = "0.0.4"
source = "git+https://github.com/bjz/gl-rs#b0e94e8aa44b9b5176a91b1e98680db69f4be93c"

[[package]]
name = "khronos_api"
version = "0.0.4"
source = "registry+https://github.com/rust-lang/crates.io-index"

[[package]]
name = "log"
version = "0.1.9"
source = "registry+https://github.com/rust-lang/crates.io-index"
dependencies = [
 "regex 0.1.10 (registry+https://github.com/rust-lang/crates.io-index)",
]

[[package]]
name = "nalgebra"
version = "0.1.0"
source = "git+https://github.com/sebcrozet/nalgebra#7b07d4d847403e3ce64398ee9e968f6dfe672f67"
dependencies = [
 "rustc-serialize 0.2.7 (registry+https://github.com/rust-lang/crates.io-index)",
]

[[package]]
name = "num"
version = "0.1.8"
source = "git+https://github.com/rust-lang/num#cbf04cf6646f99b21e5262a99791ee85063203ba"
dependencies = [
 "rustc-serialize 0.2.7 (registry+https://github.com/rust-lang/crates.io-index)",
]

[[package]]
name = "regex"
version = "0.1.10"
source = "registry+https://github.com/rust-lang/crates.io-index"

[[package]]
name = "rustc-serialize"
version = "0.2.7"
source = "registry+https://github.com/rust-lang/crates.io-index"

[[package]]
name = "time"
version = "0.1.12"
source = "registry+https://github.com/rust-lang/crates.io-index"
dependencies = [
 "gcc 0.1.4 (registry+https://github.com/rust-lang/crates.io-index)",
]

[[package]]
name = "traverse"
version = "0.0.6"
source = "registry+https://github.com/rust-lang/crates.io-index"

[[package]]
name = "uuid"
version = "0.1.7"
source = "registry+https://github.com/rust-lang/crates.io-index"
dependencies = [
 "rustc-serialize 0.2.7 (registry+https://github.com/rust-lang/crates.io-index)",
]

[[package]]
name = "winapi"
version = "0.0.5"
source = "registry+https://github.com/rust-lang/crates.io-index"

[[package]]
name = "world"
version = "0.0.1"
dependencies = [
 "calx_util 0.0.1 (git+https://github.com/rsaarelm/calx)",
 "collect 0.0.14 (registry+https://github.com/rust-lang/crates.io-index)",
]

[[package]]
name = "xml-rs"
version = "0.1.12"
source = "registry+https://github.com/rust-lang/crates.io-index"

