[root]
name = "world"
version = "0.0.1"
dependencies = [
 "calx 0.0.0 (git+https://github.com/rsaarelm/calx#b24600dd838468baecb216eb87e7567473e4da94)",
 "cgmath 0.0.1 (git+https://github.com/bjz/cgmath-rs#f514fb28830ef55da8f4eccda8a1cfaf170b63f5)",
 "num 0.0.1 (git+https://github.com/rust-lang/num#5e2ece2f6fd1508cc32c16757885e5b6919f1d41)",
 "uuid 0.0.1 (git+https://github.com/rust-lang/uuid#c6159089a491ff4398c6d423263a085c95092a04)",
]

[[package]]
name = "calx"
version = "0.0.0"
source = "git+https://github.com/rsaarelm/calx#b24600dd838468baecb216eb87e7567473e4da94"
dependencies = [
 "gfx 0.1.0 (git+https://github.com/gfx-rs/gfx-rs#f8ec387c26f85484266eb571d636bf9854e6ce7e)",
 "gl 0.0.1 (git+https://github.com/bjz/gl-rs#feed7be39546edb7e8781e3fbe5892caa41a5383)",
 "glfw 0.0.1 (git+https://github.com/bjz/glfw-rs#84b7ec32b4acead41f0bfde224604a2cf5a21d8a)",
 "image 0.0.0 (git+https://github.com/PistonDevelopers/rust-image#a69748eed4494fff905030dd54eeebf8a5ebc7d3)",
]

[[package]]
name = "cgmath"
version = "0.0.1"
source = "git+https://github.com/bjz/cgmath-rs#f514fb28830ef55da8f4eccda8a1cfaf170b63f5"

[[package]]
name = "device"
version = "0.1.0"
source = "git+https://github.com/gfx-rs/gfx-rs#f8ec387c26f85484266eb571d636bf9854e6ce7e"
dependencies = [
 "gfx_gl 0.1.0 (git+https://github.com/gfx-rs/gfx_gl.git#52bb510e9e76cd3c0aed7b6aa678c03059d630a6)",
]

[[package]]
name = "gfx"
version = "0.1.0"
source = "git+https://github.com/gfx-rs/gfx-rs#f8ec387c26f85484266eb571d636bf9854e6ce7e"
dependencies = [
 "device 0.1.0 (git+https://github.com/gfx-rs/gfx-rs#f8ec387c26f85484266eb571d636bf9854e6ce7e)",
 "gfx_macros 0.1.0 (git+https://github.com/gfx-rs/gfx-rs#f8ec387c26f85484266eb571d636bf9854e6ce7e)",
 "render 0.1.0 (git+https://github.com/gfx-rs/gfx-rs#f8ec387c26f85484266eb571d636bf9854e6ce7e)",
]

[[package]]
name = "gfx_gl"
version = "0.1.0"
source = "git+https://github.com/gfx-rs/gfx_gl.git#52bb510e9e76cd3c0aed7b6aa678c03059d630a6"
dependencies = [
 "gl_generator 0.0.1 (git+https://github.com/bjz/gl-rs#feed7be39546edb7e8781e3fbe5892caa41a5383)",
]

[[package]]
name = "gfx_macros"
version = "0.1.0"
source = "git+https://github.com/gfx-rs/gfx-rs#f8ec387c26f85484266eb571d636bf9854e6ce7e"

[[package]]
name = "gl"
version = "0.0.1"
source = "git+https://github.com/bjz/gl-rs#feed7be39546edb7e8781e3fbe5892caa41a5383"
dependencies = [
 "gl_generator 0.0.1 (git+https://github.com/bjz/gl-rs#feed7be39546edb7e8781e3fbe5892caa41a5383)",
]

[[package]]
name = "gl_generator"
version = "0.0.1"
source = "git+https://github.com/bjz/gl-rs#feed7be39546edb7e8781e3fbe5892caa41a5383"
dependencies = [
 "khronos_api 0.0.1 (git+https://github.com/bjz/gl-rs#feed7be39546edb7e8781e3fbe5892caa41a5383)",
 "rust-xml 0.1.0 (git+https://github.com/netvl/rust-xml#f86f02b3b1c355080136b0acc322b3318c195cda)",
]

[[package]]
name = "glfw"
version = "0.0.1"
source = "git+https://github.com/bjz/glfw-rs#84b7ec32b4acead41f0bfde224604a2cf5a21d8a"
dependencies = [
 "glfw-sys 3.0.4 (git+https://github.com/servo/glfw?ref=cargo-3.0.4#65a2b4721276589d9de24f6a9999a2db37286cae)",
 "semver 0.1.0 (git+https://github.com/rust-lang/semver#9bb8265ea6cf01eddfa7dc5ec9334883443e9fc7)",
]

[[package]]
name = "glfw-sys"
version = "3.0.4"
source = "git+https://github.com/servo/glfw?ref=cargo-3.0.4#65a2b4721276589d9de24f6a9999a2db37286cae"

[[package]]
name = "image"
version = "0.0.0"
source = "git+https://github.com/PistonDevelopers/rust-image#a69748eed4494fff905030dd54eeebf8a5ebc7d3"

[[package]]
name = "khronos_api"
version = "0.0.1"
source = "git+https://github.com/bjz/gl-rs#feed7be39546edb7e8781e3fbe5892caa41a5383"

[[package]]
name = "num"
version = "0.0.1"
source = "git+https://github.com/rust-lang/num#5e2ece2f6fd1508cc32c16757885e5b6919f1d41"

[[package]]
name = "render"
version = "0.1.0"
source = "git+https://github.com/gfx-rs/gfx-rs#f8ec387c26f85484266eb571d636bf9854e6ce7e"
dependencies = [
 "device 0.1.0 (git+https://github.com/gfx-rs/gfx-rs#f8ec387c26f85484266eb571d636bf9854e6ce7e)",
]

[[package]]
name = "rust-xml"
version = "0.1.0"
source = "git+https://github.com/netvl/rust-xml#f86f02b3b1c355080136b0acc322b3318c195cda"

[[package]]
name = "semver"
version = "0.1.0"
source = "git+https://github.com/rust-lang/semver#9bb8265ea6cf01eddfa7dc5ec9334883443e9fc7"

[[package]]
name = "uuid"
version = "0.0.1"
source = "git+https://github.com/rust-lang/uuid#c6159089a491ff4398c6d423263a085c95092a04"

